
Microsoft Visual Studio Solution File, Format Version 12.00
# Visual Studio Version 16
VisualStudioVersion = 16.0.33328.57
MinimumVisualStudioVersion = 10.0.40219.1
Project("{FAE04EC0-301F-11D3-BF4B-00C04F79EFBC}") = "StringsTasks", "StringsTasks.csproj", "{37921B16-B3E7-4503-9595-1436F6875203}"
EndProject
Global
	GlobalSection(SolutionConfigurationPlatforms) = preSolution
		Debug|Any CPU = Debug|Any CPU
		Release|Any CPU = Release|Any CPU
	EndGlobalSection
	GlobalSection(ProjectConfigurationPlatforms) = postSolution
		{37921B16-B3E7-4503-9595-1436F6875203}.Debug|Any CPU.ActiveCfg = Debug|Any CPU
		{37921B16-B3E7-4503-9595-1436F6875203}.Debug|Any CPU.Build.0 = Debug|Any CPU
		{37921B16-B3E7-4503-9595-1436F6875203}.Release|Any CPU.ActiveCfg = Release|Any CPU
		{37921B16-B3E7-4503-9595-1436F6875203}.Release|Any CPU.Build.0 = Release|Any CPU
	EndGlobalSection
	GlobalSection(SolutionProperties) = preSolution
		HideSolutionNode = FALSE
	EndGlobalSection
	GlobalSection(ExtensibilityGlobals) = postSolution
		SolutionGuid = {52D8DA73-10AB-4266-AE4C-253D3AD81954}
	EndGlobalSection
EndGlobal
